
Microsoft Visual Studio Solution File, Format Version 12.00
# Visual Studio 15
Project("{FAE04EC0-301F-11D3-BF4B-00C04F79EFBC}") = "Assembly-CSharp", "Assembly-CSharp.csproj", "{FD860D85-A6D6-029D-B3D0-B572832962A9}"
EndProject
Project("{FAE04EC0-301F-11D3-BF4B-00C04F79EFBC}") = "Assembly-CSharp-Editor", "Assembly-CSharp-Editor.csproj", "{B0EC72ED-D314-E6C7-FA8A-D3B5ACEA4AC8}"
EndProject
Global
	GlobalSection(SolutionConfigurationPlatforms) = preSolution
		Debug|Any CPU = Debug|Any CPU
		Release|Any CPU = Release|Any CPU
	EndGlobalSection
	GlobalSection(ProjectConfigurationPlatforms) = postSolution
		{FD860D85-A6D6-029D-B3D0-B572832962A9}.Debug|Any CPU.ActiveCfg = Debug|Any CPU
		{FD860D85-A6D6-029D-B3D0-B572832962A9}.Debug|Any CPU.Build.0 = Debug|Any CPU
		{FD860D85-A6D6-029D-B3D0-B572832962A9}.Release|Any CPU.ActiveCfg = Release|Any CPU
		{FD860D85-A6D6-029D-B3D0-B572832962A9}.Release|Any CPU.Build.0 = Release|Any CPU
		{B0EC72ED-D314-E6C7-FA8A-D3B5ACEA4AC8}.Debug|Any CPU.ActiveCfg = Debug|Any CPU
		{B0EC72ED-D314-E6C7-FA8A-D3B5ACEA4AC8}.Debug|Any CPU.Build.0 = Debug|Any CPU
		{B0EC72ED-D314-E6C7-FA8A-D3B5ACEA4AC8}.Release|Any CPU.ActiveCfg = Release|Any CPU
		{B0EC72ED-D314-E6C7-FA8A-D3B5ACEA4AC8}.Release|Any CPU.Build.0 = Release|Any CPU
	EndGlobalSection
	GlobalSection(SolutionProperties) = preSolution
		HideSolutionNode = FALSE
	EndGlobalSection
EndGlobal
